
Microsoft Visual Studio Solution File, Format Version 12.00
# Visual Studio Version 17
VisualStudioVersion = 17.14.36310.24 d17.14
MinimumVisualStudioVersion = 10.0.40219.1
Project("{FAE04EC0-301F-11D3-BF4B-00C04F79EFBC}") = "JardinSecretoPrueba1", "JardinSecretoPrueba1\JardinSecretoPrueba1.csproj", "{2DE45B9C-FB1C-47E5-B6F9-88D156B63DF5}"
EndProject
Global
	GlobalSection(SolutionConfigurationPlatforms) = preSolution
		Debug|Any CPU = Debug|Any CPU
		Release|Any CPU = Release|Any CPU
	EndGlobalSection
	GlobalSection(ProjectConfigurationPlatforms) = postSolution
		{2DE45B9C-FB1C-47E5-B6F9-88D156B63DF5}.Debug|Any CPU.ActiveCfg = Debug|Any CPU
		{2DE45B9C-FB1C-47E5-B6F9-88D156B63DF5}.Debug|Any CPU.Build.0 = Debug|Any CPU
		{2DE45B9C-FB1C-47E5-B6F9-88D156B63DF5}.Release|Any CPU.ActiveCfg = Release|Any CPU
		{2DE45B9C-FB1C-47E5-B6F9-88D156B63DF5}.Release|Any CPU.Build.0 = Release|Any CPU
	EndGlobalSection
	GlobalSection(SolutionProperties) = preSolution
		HideSolutionNode = FALSE
	EndGlobalSection
	GlobalSection(ExtensibilityGlobals) = postSolution
		SolutionGuid = {F9A321B3-5064-4867-9638-3C8D12C777AD}
	EndGlobalSection
EndGlobal
